Microsoft Visual Studio Solution File, Format Version 12.00
# Visual Studio Version 17
VisualStudioVersion = 17.5.2.0
MinimumVisualStudioVersion = 10.0.40219.1
Project("{FAE04EC0-301F-11D3-BF4B-00C04F79EFBC}") = "DesafioApi", "DesafioApi\DesafioApi.csproj", "{11140724-5188-61A4-70C0-01C865B7ED23}"
EndProject
Project("{2150E333-8FDC-42A3-9474-1A3956D46DE8}") = "DesafioApi (1)", "DesafioApi (1)", "{348110B4-200C-94A4-7D54-BDB6F5373C9F}"
EndProject
Project("{FAE04EC0-301F-11D3-BF4B-00C04F79EFBC}") = "DesafioApi.IntegrationTests", "DesafioApi\DesafioApi.IntegrationTests\DesafioApi.IntegrationTests.csproj", "{D7AD24B2-AB8A-66F5-8F3A-756A3BD6F39A}"
EndProject
Global
	GlobalSection(SolutionConfigurationPlatforms) = preSolution
		Debug|Any CPU = Debug|Any CPU
		Release|Any CPU = Release|Any CPU
	EndGlobalSection
	GlobalSection(ProjectConfigurationPlatforms) = postSolution
		{11140724-5188-61A4-70C0-01C865B7ED23}.Debug|Any CPU.ActiveCfg = Debug|Any CPU
		{11140724-5188-61A4-70C0-01C865B7ED23}.Debug|Any CPU.Build.0 = Debug|Any CPU
		{11140724-5188-61A4-70C0-01C865B7ED23}.Release|Any CPU.ActiveCfg = Release|Any CPU
		{11140724-5188-61A4-70C0-01C865B7ED23}.Release|Any CPU.Build.0 = Release|Any CPU
		{D7AD24B2-AB8A-66F5-8F3A-756A3BD6F39A}.Debug|Any CPU.ActiveCfg = Debug|Any CPU
		{D7AD24B2-AB8A-66F5-8F3A-756A3BD6F39A}.Debug|Any CPU.Build.0 = Debug|Any CPU
		{D7AD24B2-AB8A-66F5-8F3A-756A3BD6F39A}.Release|Any CPU.ActiveCfg = Release|Any CPU
		{D7AD24B2-AB8A-66F5-8F3A-756A3BD6F39A}.Release|Any CPU.Build.0 = Release|Any CPU
	EndGlobalSection
	GlobalSection(SolutionProperties) = preSolution
		HideSolutionNode = FALSE
	EndGlobalSection
	GlobalSection(NestedProjects) = preSolution
		{D7AD24B2-AB8A-66F5-8F3A-756A3BD6F39A} = {348110B4-200C-94A4-7D54-BDB6F5373C9F}
	EndGlobalSection
	GlobalSection(ExtensibilityGlobals) = postSolution
		SolutionGuid = {982AB351-BBED-4656-B183-5CABF4E7566C}
	EndGlobalSection
EndGlobal
